
Microsoft Visual Studio Solution File, Format Version 12.00
# Visual Studio 15
VisualStudioVersion = 15.0.27130.2010
MinimumVisualStudioVersion = 10.0.40219.1
Project("{FAE04EC0-301F-11D3-BF4B-00C04F79EFBC}") = "AppServiceProvider", "AppServiceProvider\AppServiceProvider.csproj", "{A3856707-0695-49DA-B316-BF0076F4BF81}"
EndProject
Project("{FAE04EC0-301F-11D3-BF4B-00C04F79EFBC}") = "RemoteService", "RemoteService\RemoteService.csproj", "{5FEF5CC3-7EC1-4477-8635-7DC764750650}"
EndProject
Project("{FAE04EC0-301F-11D3-BF4B-00C04F79EFBC}") = "AppServiceClient", "AppServiceClient\AppServiceClient.csproj", "{71BAC865-DF93-4683-A249-569B0E86BD04}"
EndProject
Global
	GlobalSection(SolutionConfigurationPlatforms) = preSolution
		Debug|Any CPU = Debug|Any CPU
		Debug|ARM = Debug|ARM
		Debug|x64 = Debug|x64
		Debug|x86 = Debug|x86
		Release|Any CPU = Release|Any CPU
		Release|ARM = Release|ARM
		Release|x64 = Release|x64
		Release|x86 = Release|x86
	EndGlobalSection
	GlobalSection(ProjectConfigurationPlatforms) = postSolution
		{A3856707-0695-49DA-B316-BF0076F4BF81}.Debug|Any CPU.ActiveCfg = Debug|x86
		{A3856707-0695-49DA-B316-BF0076F4BF81}.Debug|ARM.ActiveCfg = Debug|ARM
		{A3856707-0695-49DA-B316-BF0076F4BF81}.Debug|ARM.Build.0 = Debug|ARM
		{A3856707-0695-49DA-B316-BF0076F4BF81}.Debug|ARM.Deploy.0 = Debug|ARM
		{A3856707-0695-49DA-B316-BF0076F4BF81}.Debug|x64.ActiveCfg = Debug|x64
		{A3856707-0695-49DA-B316-BF0076F4BF81}.Debug|x64.Build.0 = Debug|x64
		{A3856707-0695-49DA-B316-BF0076F4BF81}.Debug|x64.Deploy.0 = Debug|x64
		{A3856707-0695-49DA-B316-BF0076F4BF81}.Debug|x86.ActiveCfg = Debug|x86
		{A3856707-0695-49DA-B316-BF0076F4BF81}.Debug|x86.Build.0 = Debug|x86
		{A3856707-0695-49DA-B316-BF0076F4BF81}.Debug|x86.Deploy.0 = Debug|x86
		{A3856707-0695-49DA-B316-BF0076F4BF81}.Release|Any CPU.ActiveCfg = Release|x86
		{A3856707-0695-49DA-B316-BF0076F4BF81}.Release|ARM.ActiveCfg = Release|ARM
		{A3856707-0695-49DA-B316-BF0076F4BF81}.Release|ARM.Build.0 = Release|ARM
		{A3856707-0695-49DA-B316-BF0076F4BF81}.Release|ARM.Deploy.0 = Release|ARM
		{A3856707-0695-49DA-B316-BF0076F4BF81}.Release|x64.ActiveCfg = Release|x64
		{A3856707-0695-49DA-B316-BF0076F4BF81}.Release|x64.Build.0 = Release|x64
		{A3856707-0695-49DA-B316-BF0076F4BF81}.Release|x64.Deploy.0 = Release|x64
		{A3856707-0695-49DA-B316-BF0076F4BF81}.Release|x86.ActiveCfg = Release|x86
		{A3856707-0695-49DA-B316-BF0076F4BF81}.Release|x86.Build.0 = Release|x86
		{A3856707-0695-49DA-B316-BF0076F4BF81}.Release|x86.Deploy.0 = Release|x86
		{5FEF5CC3-7EC1-4477-8635-7DC764750650}.Debug|Any CPU.ActiveCfg = Debug|Any CPU
		{5FEF5CC3-7EC1-4477-8635-7DC764750650}.Debug|Any CPU.Build.0 = Debug|Any CPU
		{5FEF5CC3-7EC1-4477-8635-7DC764750650}.Debug|ARM.ActiveCfg = Debug|ARM
		{5FEF5CC3-7EC1-4477-8635-7DC764750650}.Debug|ARM.Build.0 = Debug|ARM
		{5FEF5CC3-7EC1-4477-8635-7DC764750650}.Debug|x64.ActiveCfg = Debug|x64
		{5FEF5CC3-7EC1-4477-8635-7DC764750650}.Debug|x64.Build.0 = Debug|x64
		{5FEF5CC3-7EC1-4477-8635-7DC764750650}.Debug|x86.ActiveCfg = Debug|x86
		{5FEF5CC3-7EC1-4477-8635-7DC764750650}.Debug|x86.Build.0 = Debug|x86
		{5FEF5CC3-7EC1-4477-8635-7DC764750650}.Release|Any CPU.ActiveCfg = Release|Any CPU
		{5FEF5CC3-7EC1-4477-8635-7DC764750650}.Release|Any CPU.Build.0 = Release|Any CPU
		{5FEF5CC3-7EC1-4477-8635-7DC764750650}.Release|ARM.ActiveCfg = Release|ARM
		{5FEF5CC3-7EC1-4477-8635-7DC764750650}.Release|ARM.Build.0 = Release|ARM
		{5FEF5CC3-7EC1-4477-8635-7DC764750650}.Release|x64.ActiveCfg = Release|x64
		{5FEF5CC3-7EC1-4477-8635-7DC764750650}.Release|x64.Build.0 = Release|x64
		{5FEF5CC3-7EC1-4477-8635-7DC764750650}.Release|x86.ActiveCfg = Release|x86
		{5FEF5CC3-7EC1-4477-8635-7DC764750650}.Release|x86.Build.0 = Release|x86
		{71BAC865-DF93-4683-A249-569B0E86BD04}.Debug|Any CPU.ActiveCfg = Debug|x86
		{71BAC865-DF93-4683-A249-569B0E86BD04}.Debug|Any CPU.Build.0 = Debug|x86
		{71BAC865-DF93-4683-A249-569B0E86BD04}.Debug|Any CPU.Deploy.0 = Debug|x86
		{71BAC865-DF93-4683-A249-569B0E86BD04}.Debug|ARM.ActiveCfg = Debug|ARM
		{71BAC865-DF93-4683-A249-569B0E86BD04}.Debug|ARM.Build.0 = Debug|ARM
		{71BAC865-DF93-4683-A249-569B0E86BD04}.Debug|ARM.Deploy.0 = Debug|ARM
		{71BAC865-DF93-4683-A249-569B0E86BD04}.Debug|x64.ActiveCfg = Debug|x64
		{71BAC865-DF93-4683-A249-569B0E86BD04}.Debug|x64.Build.0 = Debug|x64
		{71BAC865-DF93-4683-A249-569B0E86BD04}.Debug|x64.Deploy.0 = Debug|x64
		{71BAC865-DF93-4683-A249-569B0E86BD04}.Debug|x86.ActiveCfg = Debug|x86
		{71BAC865-DF93-4683-A249-569B0E86BD04}.Debug|x86.Build.0 = Debug|x86
		{71BAC865-DF93-4683-A249-569B0E86BD04}.Debug|x86.Deploy.0 = Debug|x86
		{71BAC865-DF93-4683-A249-569B0E86BD04}.Release|Any CPU.ActiveCfg = Release|x86
		{71BAC865-DF93-4683-A249-569B0E86BD04}.Release|ARM.ActiveCfg = Release|ARM
		{71BAC865-DF93-4683-A249-569B0E86BD04}.Release|ARM.Build.0 = Release|ARM
		{71BAC865-DF93-4683-A249-569B0E86BD04}.Release|ARM.Deploy.0 = Release|ARM
		{71BAC865-DF93-4683-A249-569B0E86BD04}.Release|x64.ActiveCfg = Release|x64
		{71BAC865-DF93-4683-A249-569B0E86BD04}.Release|x64.Build.0 = Release|x64
		{71BAC865-DF93-4683-A249-569B0E86BD04}.Release|x64.Deploy.0 = Release|x64
		{71BAC865-DF93-4683-A249-569B0E86BD04}.Release|x86.ActiveCfg = Release|x86
		{71BAC865-DF93-4683-A249-569B0E86BD04}.Release|x86.Build.0 = Release|x86
		{71BAC865-DF93-4683-A249-569B0E86BD04}.Release|x86.Deploy.0 = Release|x86
	EndGlobalSection
	GlobalSection(SolutionProperties) = preSolution
		HideSolutionNode = FALSE
	EndGlobalSection
	GlobalSection(ExtensibilityGlobals) = postSolution
		SolutionGuid = {A4770564-BC9B-442B-AF63-0D5A6AC7553B}
	EndGlobalSection
EndGlobal
